
Microsoft Visual Studio Solution File, Format Version 12.00
# Visual Studio Version 17
VisualStudioVersion = 17.8.34316.72
MinimumVisualStudioVersion = 10.0.40219.1
Project("{9A19103F-16F7-4668-BE54-9A1E7A4F7556}") = "Eventsir.Services.Events.API", "src\Eventsir.Services.Events.API\Eventsir.Services.Events.API.csproj", "{BED7ABC1-2793-4342-98B2-5CB8F4181EFA}"
EndProject
Project("{9A19103F-16F7-4668-BE54-9A1E7A4F7556}") = "Eventsir.Services.Events.Application", "src\Eventsir.Services.Events.Application\Eventsir.Services.Events.Application.csproj", "{11C2B29F-80E4-4B39-8145-B4983863A559}"
EndProject
Project("{9A19103F-16F7-4668-BE54-9A1E7A4F7556}") = "Eventsir.Services.Events.Domain", "src\Eventsir.Services.Events.Domain\Eventsir.Services.Events.Domain.csproj", "{B234C392-D65C-4FC8-9C75-205CF13452FF}"
EndProject
Project("{9A19103F-16F7-4668-BE54-9A1E7A4F7556}") = "Eventsir.Services.Events.UnitTests", "tests\Eventsir.Services.Events.UnitTests\Eventsir.Services.Events.UnitTests.csproj", "{8248B14C-AE19-46DC-B60B-2A922AB67AA3}"
EndProject
Project("{2150E333-8FDC-42A3-9474-1A3956D46DE8}") = "tests", "tests", "{DA743057-BA04-4321-B272-C06197137BEE}"
EndProject
Project("{FAE04EC0-301F-11D3-BF4B-00C04F79EFBC}") = "Eventsir.Services.Events.Infrastructure", "src\Eventsir.Services.Events.Infrastructure\Eventsir.Services.Events.Infrastructure.csproj", "{5D29AE60-E29A-4B36-93D7-0F6D380F491D}"
EndProject
Global
	GlobalSection(SolutionConfigurationPlatforms) = preSolution
		Debug|Any CPU = Debug|Any CPU
		Release|Any CPU = Release|Any CPU
	EndGlobalSection
	GlobalSection(ProjectConfigurationPlatforms) = postSolution
		{BED7ABC1-2793-4342-98B2-5CB8F4181EFA}.Debug|Any CPU.ActiveCfg = Debug|Any CPU
		{BED7ABC1-2793-4342-98B2-5CB8F4181EFA}.Debug|Any CPU.Build.0 = Debug|Any CPU
		{BED7ABC1-2793-4342-98B2-5CB8F4181EFA}.Release|Any CPU.ActiveCfg = Release|Any CPU
		{BED7ABC1-2793-4342-98B2-5CB8F4181EFA}.Release|Any CPU.Build.0 = Release|Any CPU
		{11C2B29F-80E4-4B39-8145-B4983863A559}.Debug|Any CPU.ActiveCfg = Debug|Any CPU
		{11C2B29F-80E4-4B39-8145-B4983863A559}.Debug|Any CPU.Build.0 = Debug|Any CPU
		{11C2B29F-80E4-4B39-8145-B4983863A559}.Release|Any CPU.ActiveCfg = Release|Any CPU
		{11C2B29F-80E4-4B39-8145-B4983863A559}.Release|Any CPU.Build.0 = Release|Any CPU
		{B234C392-D65C-4FC8-9C75-205CF13452FF}.Debug|Any CPU.ActiveCfg = Debug|Any CPU
		{B234C392-D65C-4FC8-9C75-205CF13452FF}.Debug|Any CPU.Build.0 = Debug|Any CPU
		{B234C392-D65C-4FC8-9C75-205CF13452FF}.Release|Any CPU.ActiveCfg = Release|Any CPU
		{B234C392-D65C-4FC8-9C75-205CF13452FF}.Release|Any CPU.Build.0 = Release|Any CPU
		{8248B14C-AE19-46DC-B60B-2A922AB67AA3}.Debug|Any CPU.ActiveCfg = Debug|Any CPU
		{8248B14C-AE19-46DC-B60B-2A922AB67AA3}.Debug|Any CPU.Build.0 = Debug|Any CPU
		{8248B14C-AE19-46DC-B60B-2A922AB67AA3}.Release|Any CPU.ActiveCfg = Release|Any CPU
		{8248B14C-AE19-46DC-B60B-2A922AB67AA3}.Release|Any CPU.Build.0 = Release|Any CPU
		{5D29AE60-E29A-4B36-93D7-0F6D380F491D}.Debug|Any CPU.ActiveCfg = Debug|Any CPU
		{5D29AE60-E29A-4B36-93D7-0F6D380F491D}.Debug|Any CPU.Build.0 = Debug|Any CPU
		{5D29AE60-E29A-4B36-93D7-0F6D380F491D}.Release|Any CPU.ActiveCfg = Release|Any CPU
		{5D29AE60-E29A-4B36-93D7-0F6D380F491D}.Release|Any CPU.Build.0 = Release|Any CPU
	EndGlobalSection
	GlobalSection(SolutionProperties) = preSolution
		HideSolutionNode = FALSE
	EndGlobalSection
	GlobalSection(NestedProjects) = preSolution
		{8248B14C-AE19-46DC-B60B-2A922AB67AA3} = {DA743057-BA04-4321-B272-C06197137BEE}
	EndGlobalSection
	GlobalSection(ExtensibilityGlobals) = postSolution
		SolutionGuid = {EE1E70EB-00B3-4FA9-8191-3B95DEB330EE}
	EndGlobalSection
EndGlobal
